
Microsoft Visual Studio Solution File, Format Version 12.00
# Visual Studio Version 17
VisualStudioVersion = 17.1.32421.90
MinimumVisualStudioVersion = 10.0.40219.1
Project("{9A19103F-16F7-4668-BE54-9A1E7A4F7556}") = "template-csharp-virtual-pet", "template-csharp-virtual-pet.csproj", "{2A3EF25B-1B99-48A4-9283-5E34E669F65B}"
EndProject
Project("{FAE04EC0-301F-11D3-BF4B-00C04F79EFBC}") = "template-csharp-virtual-pet-tests", "..\template-csharp-virtual-pet-tests\template-csharp-virtual-pet-tests.csproj", "{0B9629DE-2000-4363-93E1-DB3EF8B97CBC}"
EndProject
Global
	GlobalSection(SolutionConfigurationPlatforms) = preSolution
		Debug|Any CPU = Debug|Any CPU
		Release|Any CPU = Release|Any CPU
	EndGlobalSection
	GlobalSection(ProjectConfigurationPlatforms) = postSolution
		{2A3EF25B-1B99-48A4-9283-5E34E669F65B}.Debug|Any CPU.ActiveCfg = Debug|Any CPU
		{2A3EF25B-1B99-48A4-9283-5E34E669F65B}.Debug|Any CPU.Build.0 = Debug|Any CPU
		{2A3EF25B-1B99-48A4-9283-5E34E669F65B}.Release|Any CPU.ActiveCfg = Release|Any CPU
		{2A3EF25B-1B99-48A4-9283-5E34E669F65B}.Release|Any CPU.Build.0 = Release|Any CPU
		{0B9629DE-2000-4363-93E1-DB3EF8B97CBC}.Debug|Any CPU.ActiveCfg = Debug|Any CPU
		{0B9629DE-2000-4363-93E1-DB3EF8B97CBC}.Debug|Any CPU.Build.0 = Debug|Any CPU
		{0B9629DE-2000-4363-93E1-DB3EF8B97CBC}.Release|Any CPU.ActiveCfg = Release|Any CPU
		{0B9629DE-2000-4363-93E1-DB3EF8B97CBC}.Release|Any CPU.Build.0 = Release|Any CPU
	EndGlobalSection
	GlobalSection(SolutionProperties) = preSolution
		HideSolutionNode = FALSE
	EndGlobalSection
	GlobalSection(ExtensibilityGlobals) = postSolution
		SolutionGuid = {15128C46-5732-42F9-856A-016B1ECD1F37}
	EndGlobalSection
EndGlobal
